// !$*UTF8*$!
{
	archiveVersion = 1;
	classes = {
	};
	objectVersion = 48;
	objects = {

/* Begin PBXBuildFile section */
		66F535901FCBEA9400ED0060 /* AppDelegate.m in Sources */ = {isa = PBXBuildFile; fileRef = 66F5358F1FCBEA9400ED0060 /* AppDelegate.m */; };
		66F535931FCBEA9400ED0060 /* ViewController.m in Sources */ = {isa = PBXBuildFile; fileRef = 66F535921FCBEA9400ED0060 /* ViewController.m */; };
		66F535981FCBEA9400ED0060 /* Assets.xcassets in Resources */ = {isa = PBXBuildFile; fileRef = 66F535971FCBEA9400ED0060 /* Assets.xcassets */; };
		66F5359B1FCBEA9400ED0060 /* LaunchScreen.storyboard in Resources */ = {isa = PBXBuildFile; fileRef = 66F535991FCBEA9400ED0060 /* LaunchScreen.storyboard */; };
		66F5359E1FCBEA9400ED0060 /* main.m in Sources */ = {isa = PBXBuildFile; fileRef = 66F5359D1FCBEA9400ED0060 /* main.m */; };
		66F535A81FCBEA9400ED0060 /* QuarkWebViewControllerTests.m in Sources */ = {isa = PBXBuildFile; fileRef = 66F535A71FCBEA9400ED0060 /* QuarkWebViewControllerTests.m */; };
		66F535B31FCBEA9400ED0060 /* QuarkWebViewControllerUITests.m in Sources */ = {isa = PBXBuildFile; fileRef = 66F535B21FCBEA9400ED0060 /* QuarkWebViewControllerUITests.m */; };
		D39D12A61EC55613E998AC54 /* libPods-QuarkWebViewController.a in Frameworks */ = {isa = PBXBuildFile; fileRef = 6A169210C9B78BA388EECBCA /* libPods-QuarkWebViewController.a */; };
/* End PBXBuildFile section */

/* Begin PBXContainerItemProxy section */
		66F535A41FCBEA9400ED0060 /* PBXContainerItemProxy */ = {
			isa = PBXContainerItemProxy;
			containerPortal = 66F535831FCBEA9400ED0060 /* Project object */;
			proxyType = 1;
			remoteGlobalIDString = 66F5358A1FCBEA9400ED0060;
			remoteInfo = QuarkWebViewController;
		};
		66F535AF1FCBEA9400ED0060 /* PBXContainerItemProxy */ = {
			isa = PBXContainerItemProxy;
			containerPortal = 66F535831FCBEA9400ED0060 /* Project object */;
			proxyType = 1;
			remoteGlobalIDString = 66F5358A1FCBEA9400ED0060;
			remoteInfo = QuarkWebViewController;
		};
/* End PBXContainerItemProxy section */

/* Begin PBXFileReference section */
		27A19EA74320CA67EAC2D469 /* Pods-QuarkWebViewController.release.xcconfig */ = {isa = PBXFileReference; includeInIndex = 1; lastKnownFileType = text.xcconfig; name = "Pods-QuarkWebViewController.release.xcconfig"; path = "Pods/Target Support Files/Pods-QuarkWebViewController/Pods-QuarkWebViewController.release.xcconfig"; sourceTree = "<group>"; };
		66F5358B1FCBEA9400ED0060 /* QuarkWebViewController.app */ = {isa = PBXFileReference; explicitFileType = wrapper.application; includeInIndex = 0; path = QuarkWebViewController.app; sourceTree = BUILT_PRODUCTS_DIR; };
		66F5358E1FCBEA9400ED0060 /* AppDelegate.h */ = {isa = PBXFileReference; lastKnownFileType = sourcecode.c.h; path = AppDelegate.h; sourceTree = "<group>"; };
		66F5358F1FCBEA9400ED0060 /* AppDelegate.m */ = {isa = PBXFileReference; lastKnownFileType = sourcecode.c.objc; path = AppDelegate.m; sourceTree = "<group>"; };
		66F535911FCBEA9400ED0060 /* ViewController.h */ = {isa = PBXFileReference; lastKnownFileType = sourcecode.c.h; path = ViewController.h; sourceTree = "<group>"; };
		66F535921FCBEA9400ED0060 /* ViewController.m */ = {isa = PBXFileReference; lastKnownFileType = sourcecode.c.objc; path = ViewController.m; sourceTree = "<group>"; };
		66F535971FCBEA9400ED0060 /* Assets.xcassets */ = {isa = PBXFileReference; lastKnownFileType = folder.assetcatalog; path = Assets.xcassets; sourceTree = "<group>"; };
		66F5359A1FCBEA9400ED0060 /* Base */ = {isa = PBXFileReference; lastKnownFileType = file.storyboard; name = Base; path = Base.lproj/LaunchScreen.storyboard; sourceTree = "<group>"; };
		66F5359C1FCBEA9400ED0060 /* Info.plist */ = {isa = PBXFileReference; lastKnownFileType = text.plist.xml; path = Info.plist; sourceTree = "<group>"; };
		66F5359D1FCBEA9400ED0060 /* main.m */ = {isa = PBXFileReference; lastKnownFileType = sourcecode.c.objc; path = main.m; sourceTree = "<group>"; };
		66F535A31FCBEA9400ED0060 /* QuarkWebViewControllerTests.xctest */ = {isa = PBXFileReference; explicitFileType = wrapper.cfbundle; includeInIndex = 0; path = QuarkWebViewControllerTests.xctest; sourceTree = BUILT_PRODUCTS_DIR; };
		66F535A71FCBEA9400ED0060 /* QuarkWebViewControllerTests.m */ = {isa = PBXFileReference; lastKnownFileType = sourcecode.c.objc; path = QuarkWebViewControllerTests.m; sourceTree = "<group>"; };
		66F535A91FCBEA9400ED0060 /* Info.plist */ = {isa = PBXFileReference; lastKnownFileType = text.plist.xml; path = Info.plist; sourceTree = "<group>"; };
		66F535AE1FCBEA9400ED0060 /* QuarkWebViewControllerUITests.xctest */ = {isa = PBXFileReference; explicitFileType = wrapper.cfbundle; includeInIndex = 0; path = QuarkWebViewControllerUITests.xctest; sourceTree = BUILT_PRODUCTS_DIR; };
		66F535B21FCBEA9400ED0060 /* QuarkWebViewControllerUITests.m */ = {isa = PBXFileReference; lastKnownFileType = sourcecode.c.objc; path = QuarkWebViewControllerUITests.m; sourceTree = "<group>"; };
		66F535B41FCBEA9400ED0060 /* Info.plist */ = {isa = PBXFileReference; lastKnownFileType = text.plist.xml; path = Info.plist; sourceTree = "<group>"; };
		6A169210C9B78BA388EECBCA /* libPods-QuarkWebViewController.a */ = {isa = PBXFileReference; explicitFileType = archive.ar; includeInIndex = 0; path = "libPods-QuarkWebViewController.a"; sourceTree = BUILT_PRODUCTS_DIR; };
		6AC8C93FD083ED82AC5D5404 /* Pods-QuarkWebViewController.debug.xcconfig */ = {isa = PBXFileReference; includeInIndex = 1; lastKnownFileType = text.xcconfig; name = "Pods-QuarkWebViewController.debug.xcconfig"; path = "Pods/Target Support Files/Pods-QuarkWebViewController/Pods-QuarkWebViewController.debug.xcconfig"; sourceTree = "<group>"; };
/* End PBXFileReference section */

/* Begin PBXFrameworksBuildPhase section */
		66F535881FCBEA9400ED0060 /* Frameworks */ = {
			isa = PBXFrameworksBuildPhase;
			buildActionMask = 2147483647;
			files = (
				D39D12A61EC55613E998AC54 /* libPods-QuarkWebViewController.a in Frameworks */,
			);
			runOnlyForDeploymentPostprocessing = 0;
		};
		66F535A01FCBEA9400ED0060 /* Frameworks */ = {
			isa = PBXFrameworksBuildPhase;
			buildActionMask = 2147483647;
			files = (
			);
			runOnlyForDeploymentPostprocessing = 0;
		};
		66F535AB1FCBEA9400ED0060 /* Frameworks */ = {
			isa = PBXFrameworksBuildPhase;
			buildActionMask = 2147483647;
			files = (
			);
			runOnlyForDeploymentPostprocessing = 0;
		};
/* End PBXFrameworksBuildPhase section */

/* Begin PBXGroup section */
		247D0D86C6700105BFE8DF62 /* Frameworks */ = {
			isa = PBXGroup;
			children = (
				6A169210C9B78BA388EECBCA /* libPods-QuarkWebViewController.a */,
			);
			name = Frameworks;
			sourceTree = "<group>";
		};
		2EAF9675F83E922092CCB5ED /* Pods */ = {
			isa = PBXGroup;
			children = (
				6AC8C93FD083ED82AC5D5404 /* Pods-QuarkWebViewController.debug.xcconfig */,
				27A19EA74320CA67EAC2D469 /* Pods-QuarkWebViewController.release.xcconfig */,
			);
			name = Pods;
			sourceTree = "<group>";
		};
		66F535821FCBEA9400ED0060 = {
			isa = PBXGroup;
			children = (
				66F5358D1FCBEA9400ED0060 /* QuarkWebViewController */,
				66F535A61FCBEA9400ED0060 /* QuarkWebViewControllerTests */,
				66F535B11FCBEA9400ED0060 /* QuarkWebViewControllerUITests */,
				66F5358C1FCBEA9400ED0060 /* Products */,
				2EAF9675F83E922092CCB5ED /* Pods */,
				247D0D86C6700105BFE8DF62 /* Frameworks */,
			);
			sourceTree = "<group>";
		};
		66F5358C1FCBEA9400ED0060 /* Products */ = {
			isa = PBXGroup;
			children = (
				66F5358B1FCBEA9400ED0060 /* QuarkWebViewController.app */,
				66F535A31FCBEA9400ED0060 /* QuarkWebViewControllerTests.xctest */,
				66F535AE1FCBEA9400ED0060 /* QuarkWebViewControllerUITests.xctest */,
			);
			name = Products;
			sourceTree = "<group>";
		};
		66F5358D1FCBEA9400ED0060 /* QuarkWebViewController */ = {
			isa = PBXGroup;
			children = (
				66F5358E1FCBEA9400ED0060 /* AppDelegate.h */,
				66F5358F1FCBEA9400ED0060 /* AppDelegate.m */,
				66F535911FCBEA9400ED0060 /* ViewController.h */,
				66F535921FCBEA9400ED0060 /* ViewController.m */,
				66F535971FCBEA9400ED0060 /* Assets.xcassets */,
				66F535991FCBEA9400ED0060 /* LaunchScreen.storyboard */,
				66F5359C1FCBEA9400ED0060 /* Info.plist */,
				66F5359D1FCBEA9400ED0060 /* main.m */,
			);
			path = QuarkWebViewController;
			sourceTree = "<group>";
		};
		66F535A61FCBEA9400ED0060 /* QuarkWebViewControllerTests */ = {
			isa = PBXGroup;
			children = (
				66F535A71FCBEA9400ED0060 /* QuarkWebViewControllerTests.m */,
				66F535A91FCBEA9400ED0060 /* Info.plist */,
			);
			path = QuarkWebViewControllerTests;
			sourceTree = "<group>";
		};
		66F535B11FCBEA9400ED0060 /* QuarkWebViewControllerUITests */ = {
			isa = PBXGroup;
			children = (
				66F535B21FCBEA9400ED0060 /* QuarkWebViewControllerUITests.m */,
				66F535B41FCBEA9400ED0060 /* Info.plist */,
			);
			path = QuarkWebViewControllerUITests;
			sourceTree = "<group>";
		};
/* End PBXGroup section */

/* Begin PBXNativeTarget section */
		66F5358A1FCBEA9400ED0060 /* QuarkWebViewController */ = {
			isa = PBXNativeTarget;
			buildConfigurationList = 66F535B71FCBEA9400ED0060 /* Build configuration list for PBXNativeTarget "QuarkWebViewController" */;
			buildPhases = (
				8A8CD00EB5C2CB37DBC1E0A8 /* [CP] Check Pods Manifest.lock */,
				66F535871FCBEA9400ED0060 /* Sources */,
				66F535881FCBEA9400ED0060 /* Frameworks */,
				66F535891FCBEA9400ED0060 /* Resources */,
				F151DD25563FF088255DA5FE /* [CP] Embed Pods Frameworks */,
				E890C3962E7906446C27E788 /* [CP] Copy Pods Resources */,
			);
			buildRules = (
			);
			dependencies = (
			);
			name = QuarkWebViewController;
			productName = QuarkWebViewController;
			productReference = 66F5358B1FCBEA9400ED0060 /* QuarkWebViewController.app */;
			productType = "com.apple.product-type.application";
		};
		66F535A21FCBEA9400ED0060 /* QuarkWebViewControllerTests */ = {
			isa = PBXNativeTarget;
			buildConfigurationList = 66F535BA1FCBEA9400ED0060 /* Build configuration list for PBXNativeTarget "QuarkWebViewControllerTests" */;
			buildPhases = (
				66F5359F1FCBEA9400ED0060 /* Sources */,
				66F535A01FCBEA9400ED0060 /* Frameworks */,
				66F535A11FCBEA9400ED0060 /* Resources */,
			);
			buildRules = (
			);
			dependencies = (
				66F535A51FCBEA9400ED0060 /* PBXTargetDependency */,
			);
			name = QuarkWebViewControllerTests;
			productName = QuarkWebViewControllerTests;
			productReference = 66F535A31FCBEA9400ED0060 /* QuarkWebViewControllerTests.xctest */;
			productType = "com.apple.product-type.bundle.unit-test";
		};
		66F535AD1FCBEA9400ED0060 /* QuarkWebViewControllerUITests */ = {
			isa = PBXNativeTarget;
			buildConfigurationList = 66F535BD1FCBEA9400ED0060 /* Build configuration list for PBXNativeTarget "QuarkWebViewControllerUITests" */;
			buildPhases = (
				66F535AA1FCBEA9400ED0060 /* Sources */,
				66F535AB1FCBEA9400ED0060 /* Frameworks */,
				66F535AC1FCBEA9400ED0060 /* Resources */,
			);
			buildRules = (
			);
			dependencies = (
				66F535B01FCBEA9400ED0060 /* PBXTargetDependency */,
			);
			name = QuarkWebViewControllerUITests;
			productName = QuarkWebViewControllerUITests;
			productReference = 66F535AE1FCBEA9400ED0060 /* QuarkWebViewControllerUITests.xctest */;
			productType = "com.apple.product-type.bundle.ui-testing";
		};
/* End PBXNativeTarget section */

/* Begin PBXProject section */
		66F535831FCBEA9400ED0060 /* Project object */ = {
			isa = PBXProject;
			attributes = {
				LastUpgradeCheck = 0900;
				ORGANIZATIONNAME = lanfeng;
				TargetAttributes = {
					66F5358A1FCBEA9400ED0060 = {
						CreatedOnToolsVersion = 9.0;
						ProvisioningStyle = Automatic;
					};
					66F535A21FCBEA9400ED0060 = {
						CreatedOnToolsVersion = 9.0;
						ProvisioningStyle = Automatic;
						TestTargetID = 66F5358A1FCBEA9400ED0060;
					};
					66F535AD1FCBEA9400ED0060 = {
						CreatedOnToolsVersion = 9.0;
						ProvisioningStyle = Automatic;
						TestTargetID = 66F5358A1FCBEA9400ED0060;
					};
				};
			};
			buildConfigurationList = 66F535861FCBEA9400ED0060 /* Build configuration list for PBXProject "QuarkWebViewController" */;
			compatibilityVersion = "Xcode 8.0";
			developmentRegion = en;
			hasScannedForEncodings = 0;
			knownRegions = (
				en,
				Base,
			);
			mainGroup = 66F535821FCBEA9400ED0060;
			productRefGroup = 66F5358C1FCBEA9400ED0060 /* Products */;
			projectDirPath = "";
			projectRoot = "";
			targets = (
				66F5358A1FCBEA9400ED0060 /* QuarkWebViewController */,
				66F535A21FCBEA9400ED0060 /* QuarkWebViewControllerTests */,
				66F535AD1FCBEA9400ED0060 /* QuarkWebViewControllerUITests */,
			);
		};
/* End PBXProject section */

/* Begin PBXResourcesBuildPhase section */
		66F535891FCBEA9400ED0060 /* Resources */ = {
			isa = PBXResourcesBuildPhase;
			buildActionMask = 2147483647;
			files = (
				66F5359B1FCBEA9400ED0060 /* LaunchScreen.storyboard in Resources */,
				66F535981FCBEA9400ED0060 /* Assets.xcassets in Resources */,
			);
			runOnlyForDeploymentPostprocessing = 0;
		};
		66F535A11FCBEA9400ED0060 /* Resources */ = {
			isa = PBXResourcesBuildPhase;
			buildActionMask = 2147483647;
			files = (
			);
			runOnlyForDeploymentPostprocessing = 0;
		};
		66F535AC1FCBEA9400ED0060 /* Resources */ = {
			isa = PBXResourcesBuildPhase;
			buildActionMask = 2147483647;
			files = (
			);
			runOnlyForDeploymentPostprocessing = 0;
		};
/* End PBXResourcesBuildPhase section */

/* Begin PBXShellScriptBuildPhase section */
		8A8CD00EB5C2CB37DBC1E0A8 /* [CP] Check Pods Manifest.lock */ = {
			isa = PBXShellScriptBuildPhase;
			buildActionMask = 2147483647;
			files = (
			);
			inputPaths = (
			);
			name = "[CP] Check Pods Manifest.lock";
			outputPaths = (
			);
			runOnlyForDeploymentPostprocessing = 0;
			shellPath = /bin/sh;
			shellScript = "diff \"${PODS_ROOT}/../Podfile.lock\" \"${PODS_ROOT}/Manifest.lock\" > /dev/null\nif [ $? != 0 ] ; then\n    # print error to STDERR\n    echo \"error: The sandbox is not in sync with the Podfile.lock. Run 'pod install' or update your CocoaPods installation.\" >&2\n    exit 1\nfi\n";
			showEnvVarsInLog = 0;
		};
		E890C3962E7906446C27E788 /* [CP] Copy Pods Resources */ = {
			isa = PBXShellScriptBuildPhase;
			buildActionMask = 2147483647;
			files = (
			);
			inputPaths = (
			);
			name = "[CP] Copy Pods Resources";
			outputPaths = (
			);
			runOnlyForDeploymentPostprocessing = 0;
			shellPath = /bin/sh;
			shellScript = "\"${SRCROOT}/Pods/Target Support Files/Pods-QuarkWebViewController/Pods-QuarkWebViewController-resources.sh\"\n";
			showEnvVarsInLog = 0;
		};
		F151DD25563FF088255DA5FE /* [CP] Embed Pods Frameworks */ = {
			isa = PBXShellScriptBuildPhase;
			buildActionMask = 2147483647;
			files = (
			);
			inputPaths = (
			);
			name = "[CP] Embed Pods Frameworks";
			outputPaths = (
			);
			runOnlyForDeploymentPostprocessing = 0;
			shellPath = /bin/sh;
			shellScript = "\"${SRCROOT}/Pods/Target Support Files/Pods-QuarkWebViewController/Pods-QuarkWebViewController-frameworks.sh\"\n";
			showEnvVarsInLog = 0;
		};
/* End PBXShellScriptBuildPhase section */

/* Begin PBXSourcesBuildPhase section */
		66F535871FCBEA9400ED0060 /* Sources */ = {
			isa = PBXSourcesBuildPhase;
			buildActionMask = 2147483647;
			files = (
				66F535931FCBEA9400ED0060 /* ViewController.m in Sources */,
				66F5359E1FCBEA9400ED0060 /* main.m in Sources */,
				66F535901FCBEA9400ED0060 /* AppDelegate.m in Sources */,
			);
			runOnlyForDeploymentPostprocessing = 0;
		};
		66F5359F1FCBEA9400ED0060 /* Sources */ = {
			isa = PBXSourcesBuildPhase;
			buildActionMask = 2147483647;
			files = (
				66F535A81FCBEA9400ED0060 /* QuarkWebViewControllerTests.m in Sources */,
			);
			runOnlyForDeploymentPostprocessing = 0;
		};
		66F535AA1FCBEA9400ED0060 /* Sources */ = {
			isa = PBXSourcesBuildPhase;
			buildActionMask = 2147483647;
			files = (
				66F535B31FCBEA9400ED0060 /* QuarkWebViewControllerUITests.m in Sources */,
			);
			runOnlyForDeploymentPostprocessing = 0;
		};
/* End PBXSourcesBuildPhase section */

/* Begin PBXTargetDependency section */
		66F535A51FCBEA9400ED0060 /* PBXTargetDependency */ = {
			isa = PBXTargetDependency;
			target = 66F5358A1FCBEA9400ED0060 /* QuarkWebViewController */;
			targetProxy = 66F535A41FCBEA9400ED0060 /* PBXContainerItemProxy */;
		};
		66F535B01FCBEA9400ED0060 /* PBXTargetDependency */ = {
			isa = PBXTargetDependency;
			target = 66F5358A1FCBEA9400ED0060 /* QuarkWebViewController */;
			targetProxy = 66F535AF1FCBEA9400ED0060 /* PBXContainerItemProxy */;
		};
/* End PBXTargetDependency section */

/* Begin PBXVariantGroup section */
		66F535991FCBEA9400ED0060 /* LaunchScreen.storyboard */ = {
			isa = PBXVariantGroup;
			children = (
				66F5359A1FCBEA9400ED0060 /* Base */,
			);
			name = LaunchScreen.storyboard;
			sourceTree = "<group>";
		};
/* End PBXVariantGroup section */

/* Begin XCBuildConfiguration section */
		66F535B51FCBEA9400ED0060 /* Debug */ = {
			isa = XCBuildConfiguration;
			buildSettings = {
				ALWAYS_SEARCH_USER_PATHS = NO;
				CLANG_ANALYZER_NONNULL = YES;
				CLANG_ANALYZER_NUMBER_OBJECT_CONVERSION = YES_AGGRESSIVE;
				CLANG_CXX_LANGUAGE_STANDARD = "gnu++14";
				CLANG_CXX_LIBRARY = "libc++";
				CLANG_ENABLE_MODULES = YES;
				CLANG_ENABLE_OBJC_ARC = YES;
				CLANG_WARN_BLOCK_CAPTURE_AUTORELEASING = YES;
				CLANG_WARN_BOOL_CONVERSION = YES;
				CLANG_WARN_COMMA = YES;
				CLANG_WARN_CONSTANT_CONVERSION = YES;
				CLANG_WARN_DIRECT_OBJC_ISA_USAGE = YES_ERROR;
				CLANG_WARN_DOCUMENTATION_COMMENTS = YES;
				CLANG_WARN_EMPTY_BODY = YES;
				CLANG_WARN_ENUM_CONVERSION = YES;
				CLANG_WARN_INFINITE_RECURSION = YES;
				CLANG_WARN_INT_CONVERSION = YES;
				CLANG_WARN_NON_LITERAL_NULL_CONVERSION = YES;
				CLANG_WARN_OBJC_LITERAL_CONVERSION = YES;
				CLANG_WARN_OBJC_ROOT_CLASS = YES_ERROR;
				CLANG_WARN_RANGE_LOOP_ANALYSIS = YES;
				CLANG_WARN_STRICT_PROTOTYPES = YES;
				CLANG_WARN_SUSPICIOUS_MOVE = YES;
				CLANG_WARN_UNGUARDED_AVAILABILITY = YES_AGGRESSIVE;
				CLANG_WARN_UNREACHABLE_CODE = YES;
				CLANG_WARN__DUPLICATE_METHOD_MATCH = YES;
				CODE_SIGN_IDENTITY = "iPhone Developer";
				COPY_PHASE_STRIP = NO;
				DEBUG_INFORMATION_FORMAT = dwarf;
				ENABLE_STRICT_OBJC_MSGSEND = YES;
				ENABLE_TESTABILITY = YES;
				GCC_C_LANGUAGE_STANDARD = gnu11;
				GCC_DYNAMIC_NO_PIC = NO;
				GCC_NO_COMMON_BLOCKS = YES;
				GCC_OPTIMIZATION_LEVEL = 0;
				GCC_PREPROCESSOR_DEFINITIONS = (
					"DEBUG=1",
					"$(inherited)",
				);
				GCC_WARN_64_TO_32_BIT_CONVERSION = YES;
				GCC_WARN_ABOUT_RETURN_TYPE = YES_ERROR;
				GCC_WARN_UNDECLARED_SELECTOR = YES;
				GCC_WARN_UNINITIALIZED_AUTOS = YES_AGGRESSIVE;
				GCC_WARN_UNUSED_FUNCTION = YES;
				GCC_WARN_UNUSED_VARIABLE = YES;
				IPHONEOS_DEPLOYMENT_TARGET = 11.0;
				MTL_ENABLE_DEBUG_INFO = YES;
				ONLY_ACTIVE_ARCH = YES;
				SDKROOT = iphoneos;
			};
			name = Debug;
		};
		66F535B61FCBEA9400ED0060 /* Release */ = {
			isa = XCBuildConfiguration;
			buildSettings = {
				ALWAYS_SEARCH_USER_PATHS = NO;
				CLANG_ANALYZER_NONNULL = YES;
				CLANG_ANALYZER_NUMBER_OBJECT_CONVERSION = YES_AGGRESSIVE;
				CLANG_CXX_LANGUAGE_STANDARD = "gnu++14";
				CLANG_CXX_LIBRARY = "libc++";
				CLANG_ENABLE_MODULES = YES;
				CLANG_ENABLE_OBJC_ARC = YES;
				CLANG_WARN_BLOCK_CAPTURE_AUTORELEASING = YES;
				CLANG_WARN_BOOL_CONVERSION = YES;
				CLANG_WARN_COMMA = YES;
				CLANG_WARN_CONSTANT_CONVERSION = YES;
				CLANG_WARN_DIRECT_OBJC_ISA_USAGE = YES_ERROR;
				CLANG_WARN_DOCUMENTATION_COMMENTS = YES;
				CLANG_WARN_EMPTY_BODY = YES;
				CLANG_WARN_ENUM_CONVERSION = YES;
				CLANG_WARN_INFINITE_RECURSION = YES;
				CLANG_WARN_INT_CONVERSION = YES;
				CLANG_WARN_NON_LITERAL_NULL_CONVERSION = YES;
				CLANG_WARN_OBJC_LITERAL_CONVERSION = YES;
				CLANG_WARN_OBJC_ROOT_CLASS = YES_ERROR;
				CLANG_WARN_RANGE_LOOP_ANALYSIS = YES;
				CLANG_WARN_STRICT_PROTOTYPES = YES;
				CLANG_WARN_SUSPICIOUS_MOVE = YES;
				CLANG_WARN_UNGUARDED_AVAILABILITY = YES_AGGRESSIVE;
				CLANG_WARN_UNREACHABLE_CODE = YES;
				CLANG_WARN__DUPLICATE_METHOD_MATCH = YES;
				CODE_SIGN_IDENTITY = "iPhone Developer";
				COPY_PHASE_STRIP = NO;
				DEBUG_INFORMATION_FORMAT = "dwarf-with-dsym";
				ENABLE_NS_ASSERTIONS = NO;
				ENABLE_STRICT_OBJC_MSGSEND = YES;
				GCC_C_LANGUAGE_STANDARD = gnu11;
				GCC_NO_COMMON_BLOCKS = YES;
				GCC_WARN_64_TO_32_BIT_CONVERSION = YES;
				GCC_WARN_ABOUT_RETURN_TYPE = YES_ERROR;
				GCC_WARN_UNDECLARED_SELECTOR = YES;
				GCC_WARN_UNINITIALIZED_AUTOS = YES_AGGRESSIVE;
				GCC_WARN_UNUSED_FUNCTION = YES;
				GCC_WARN_UNUSED_VARIABLE = YES;
				IPHONEOS_DEPLOYMENT_TARGET = 11.0;
				MTL_ENABLE_DEBUG_INFO = NO;
				SDKROOT = iphoneos;
				VALIDATE_PRODUCT = YES;
			};
			name = Release;
		};
		66F535B81FCBEA9400ED0060 /* Debug */ = {
			isa = XCBuildConfiguration;
			baseConfigurationReference = 6AC8C93FD083ED82AC5D5404 /* Pods-QuarkWebViewController.debug.xcconfig */;
			buildSettings = {
				ASSETCATALOG_COMPILER_APPICON_NAME = AppIcon;
				CODE_SIGN_STYLE = Automatic;
				INFOPLIST_FILE = QuarkWebViewController/Info.plist;
				IPHONEOS_DEPLOYMENT_TARGET = 11.0;
				LD_RUNPATH_SEARCH_PATHS = "$(inherited) @executable_path/Frameworks";
				PRODUCT_BUNDLE_IDENTIFIER = com.lanfeng.www.QuarkWebViewController;
				PRODUCT_NAME = "$(TARGET_NAME)";
				TARGETED_DEVICE_FAMILY = "1,2";
			};
			name = Debug;
		};
		66F535B91FCBEA9400ED0060 /* Release */ = {
			isa = XCBuildConfiguration;
			baseConfigurationReference = 27A19EA74320CA67EAC2D469 /* Pods-QuarkWebViewController.release.xcconfig */;
			buildSettings = {
				ASSETCATALOG_COMPILER_APPICON_NAME = AppIcon;
				CODE_SIGN_STYLE = Automatic;
				INFOPLIST_FILE = QuarkWebViewController/Info.plist;
				IPHONEOS_DEPLOYMENT_TARGET = 11.0;
				LD_RUNPATH_SEARCH_PATHS = "$(inherited) @executable_path/Frameworks";
				PRODUCT_BUNDLE_IDENTIFIER = com.lanfeng.www.QuarkWebViewController;
				PRODUCT_NAME = "$(TARGET_NAME)";
				TARGETED_DEVICE_FAMILY = "1,2";
			};
			name = Release;
		};
		66F535BB1FCBEA9400ED0060 /* Debug */ = {
			isa = XCBuildConfiguration;
			buildSettings = {
				BUNDLE_LOADER = "$(TEST_HOST)";
				CODE_SIGN_STYLE = Automatic;
				INFOPLIST_FILE = QuarkWebViewControllerTests/Info.plist;
				LD_RUNPATH_SEARCH_PATHS = "$(inherited) @executable_path/Frameworks @loader_path/Frameworks";
				PRODUCT_BUNDLE_IDENTIFIER = com.lanfeng.www.QuarkWebViewControllerTests;
				PRODUCT_NAME = "$(TARGET_NAME)";
				TARGETED_DEVICE_FAMILY = "1,2";
				TEST_HOST = "$(BUILT_PRODUCTS_DIR)/QuarkWebViewController.app/QuarkWebViewController";
			};
			name = Debug;
		};
		66F535BC1FCBEA9400ED0060 /* Release */ = {
			isa = XCBuildConfiguration;
			buildSettings = {
				BUNDLE_LOADER = "$(TEST_HOST)";
				CODE_SIGN_STYLE = Automatic;
				INFOPLIST_FILE = QuarkWebViewControllerTests/Info.plist;
				LD_RUNPATH_SEARCH_PATHS = "$(inherited) @executable_path/Frameworks @loader_path/Frameworks";
				PRODUCT_BUNDLE_IDENTIFIER = com.lanfeng.www.QuarkWebViewControllerTests;
				PRODUCT_NAME = "$(TARGET_NAME)";
				TARGETED_DEVICE_FAMILY = "1,2";
				TEST_HOST = "$(BUILT_PRODUCTS_DIR)/QuarkWebViewController.app/QuarkWebViewController";
			};
			name = Release;
		};
		66F535BE1FCBEA9400ED0060 /* Debug */ = {
			isa = XCBuildConfiguration;
			buildSettings = {
				CODE_SIGN_STYLE = Automatic;
				INFOPLIST_FILE = QuarkWebViewControllerUITests/Info.plist;
				LD_RUNPATH_SEARCH_PATHS = "$(inherited) @executable_path/Frameworks @loader_path/Frameworks";
				PRODUCT_BUNDLE_IDENTIFIER = com.lanfeng.www.QuarkWebViewControllerUITests;
				PRODUCT_NAME = "$(TARGET_NAME)";
				TARGETED_DEVICE_FAMILY = "1,2";
				TEST_TARGET_NAME = QuarkWebViewController;
			};
			name = Debug;
		};
		66F535BF1FCBEA9400ED0060 /* Release */ = {
			isa = XCBuildConfiguration;
			buildSettings = {
				CODE_SIGN_STYLE = Automatic;
				INFOPLIST_FILE = QuarkWebViewControllerUITests/Info.plist;
				LD_RUNPATH_SEARCH_PATHS = "$(inherited) @executable_path/Frameworks @loader_path/Frameworks";
				PRODUCT_BUNDLE_IDENTIFIER = com.lanfeng.www.QuarkWebViewControllerUITests;
				PRODUCT_NAME = "$(TARGET_NAME)";
				TARGETED_DEVICE_FAMILY = "1,2";
				TEST_TARGET_NAME = QuarkWebViewController;
			};
			name = Release;
		};
/* End XCBuildConfiguration section */

/* Begin XCConfigurationList section */
		66F535861FCBEA9400ED0060 /* Build configuration list for PBXProject "QuarkWebViewController" */ = {
			isa = XCConfigurationList;
			buildConfigurations = (
				66F535B51FCBEA9400ED0060 /* Debug */,
				66F535B61FCBEA9400ED0060 /* Release */,
			);
			defaultConfigurationIsVisible = 0;
			defaultConfigurationName = Release;
		};
		66F535B71FCBEA9400ED0060 /* Build configuration list for PBXNativeTarget "QuarkWebViewController" */ = {
			isa = XCConfigurationList;
			buildConfigurations = (
				66F535B81FCBEA9400ED0060 /* Debug */,
				66F535B91FCBEA9400ED0060 /* Release */,
			);
			defaultConfigurationIsVisible = 0;
			defaultConfigurationName = Release;
		};
		66F535BA1FCBEA9400ED0060 /* Build configuration list for PBXNativeTarget "QuarkWebViewControllerTests" */ = {
			isa = XCConfigurationList;
			buildConfigurations = (
				66F535BB1FCBEA9400ED0060 /* Debug */,
				66F535BC1FCBEA9400ED0060 /* Release */,
			);
			defaultConfigurationIsVisible = 0;
			defaultConfigurationName = Release;
		};
		66F535BD1FCBEA9400ED0060 /* Build configuration list for PBXNativeTarget "QuarkWebViewControllerUITests" */ = {
			isa = XCConfigurationList;
			buildConfigurations = (
				66F535BE1FCBEA9400ED0060 /* Debug */,
				66F535BF1FCBEA9400ED0060 /* Release */,
			);
			defaultConfigurationIsVisible = 0;
			defaultConfigurationName = Release;
		};
/* End XCConfigurationList section */
	};
	rootObject = 66F535831FCBEA9400ED0060 /* Project object */;
}
